
Microsoft Visual Studio Solution File, Format Version 11.00
# Visual Studio 2010 Express for Windows Phone
Project("{FAE04EC0-301F-11D3-BF4B-00C04F79EFBC}") = "WPtrakt", "WPtrakt\WPtrakt.csproj", "{E33498F4-4FA6-40BC-818B-2B68860F3B2B}"
EndProject
Project("{FAE04EC0-301F-11D3-BF4B-00C04F79EFBC}") = "Clarity.Phone", "Clarity.Phone\Clarity.Phone.csproj", "{282CA4CA-0FF6-4A14-9FB2-1A14261A3953}"
EndProject
Project("{FAE04EC0-301F-11D3-BF4B-00C04F79EFBC}") = "WPtraktLiveTile", "WPtraktLiveTile\WPtraktLiveTile.csproj", "{EF30EF9C-FE16-4795-B541-71CAFB5B158B}"
EndProject
Project("{FAE04EC0-301F-11D3-BF4B-00C04F79EFBC}") = "PhonePerformance", "PhonePerformance\PhonePerformance.csproj", "{FCF263CD-388B-44E4-8A92-A4C5F670394F}"
EndProject
Global
	GlobalSection(SolutionConfigurationPlatforms) = preSolution
		Debug|Any CPU = Debug|Any CPU
		Release|Any CPU = Release|Any CPU
	EndGlobalSection
	GlobalSection(ProjectConfigurationPlatforms) = postSolution
		{E33498F4-4FA6-40BC-818B-2B68860F3B2B}.Debug|Any CPU.ActiveCfg = Debug|Any CPU
		{E33498F4-4FA6-40BC-818B-2B68860F3B2B}.Debug|Any CPU.Build.0 = Debug|Any CPU
		{E33498F4-4FA6-40BC-818B-2B68860F3B2B}.Debug|Any CPU.Deploy.0 = Debug|Any CPU
		{E33498F4-4FA6-40BC-818B-2B68860F3B2B}.Release|Any CPU.ActiveCfg = Release|Any CPU
		{E33498F4-4FA6-40BC-818B-2B68860F3B2B}.Release|Any CPU.Build.0 = Release|Any CPU
		{E33498F4-4FA6-40BC-818B-2B68860F3B2B}.Release|Any CPU.Deploy.0 = Release|Any CPU
		{282CA4CA-0FF6-4A14-9FB2-1A14261A3953}.Debug|Any CPU.ActiveCfg = Debug|Any CPU
		{282CA4CA-0FF6-4A14-9FB2-1A14261A3953}.Debug|Any CPU.Build.0 = Debug|Any CPU
		{282CA4CA-0FF6-4A14-9FB2-1A14261A3953}.Release|Any CPU.ActiveCfg = Release|Any CPU
		{282CA4CA-0FF6-4A14-9FB2-1A14261A3953}.Release|Any CPU.Build.0 = Release|Any CPU
		{EF30EF9C-FE16-4795-B541-71CAFB5B158B}.Debug|Any CPU.ActiveCfg = Debug|Any CPU
		{EF30EF9C-FE16-4795-B541-71CAFB5B158B}.Debug|Any CPU.Build.0 = Debug|Any CPU
		{EF30EF9C-FE16-4795-B541-71CAFB5B158B}.Release|Any CPU.ActiveCfg = Release|Any CPU
		{EF30EF9C-FE16-4795-B541-71CAFB5B158B}.Release|Any CPU.Build.0 = Release|Any CPU
		{FCF263CD-388B-44E4-8A92-A4C5F670394F}.Debug|Any CPU.ActiveCfg = Debug|Any CPU
		{FCF263CD-388B-44E4-8A92-A4C5F670394F}.Debug|Any CPU.Build.0 = Debug|Any CPU
		{FCF263CD-388B-44E4-8A92-A4C5F670394F}.Release|Any CPU.ActiveCfg = Release|Any CPU
		{FCF263CD-388B-44E4-8A92-A4C5F670394F}.Release|Any CPU.Build.0 = Release|Any CPU
	EndGlobalSection
	GlobalSection(SolutionProperties) = preSolution
		HideSolutionNode = FALSE
	EndGlobalSection
EndGlobal
